
Microsoft Visual Studio Solution File, Format Version 12.00
# Visual Studio 14
VisualStudioVersion = 14.0.23107.0
MinimumVisualStudioVersion = 10.0.40219.1
Project("{FAE04EC0-301F-11D3-BF4B-00C04F79EFBC}") = "Spurs", "Spurs\Spurs.csproj", "{01E083A9-B1F1-4700-9A59-2F9F7EB1A0EC}"
EndProject
Global
	GlobalSection(SolutionConfigurationPlatforms) = preSolution
		Debug|Any CPU = Debug|Any CPU
		Release|Any CPU = Release|Any CPU
	EndGlobalSection
	GlobalSection(ProjectConfigurationPlatforms) = postSolution
		{01E083A9-B1F1-4700-9A59-2F9F7EB1A0EC}.Debug|Any CPU.ActiveCfg = Debug|Any CPU
		{01E083A9-B1F1-4700-9A59-2F9F7EB1A0EC}.Debug|Any CPU.Build.0 = Debug|Any CPU
		{01E083A9-B1F1-4700-9A59-2F9F7EB1A0EC}.Release|Any CPU.ActiveCfg = Release|Any CPU
		{01E083A9-B1F1-4700-9A59-2F9F7EB1A0EC}.Release|Any CPU.Build.0 = Release|Any CPU
	EndGlobalSection
	GlobalSection(SolutionProperties) = preSolution
		HideSolutionNode = FALSE
	EndGlobalSection
EndGlobal
